Microsoft Visual Studio Solution File, Format Version 12.00
# Visual Studio 15
VisualStudioVersion = 15.0.28307.106
MinimumVisualStudioVersion = 10.0.40219.1
Project("{FAE04EC0-301F-11D3-BF4B-00C04F79EFBC}") = "PracticeNRGScouting2018.Android", "PracticeNRGScouting2018.Android\PracticeNRGScouting2018.Android.csproj", "{342EDBFF-4B4E-4115-9917-64BEDA5F43B8}"
EndProject
Project("{FAE04EC0-301F-11D3-BF4B-00C04F79EFBC}") = "PracticeNRGScouting2018.iOS", "PracticeNRGScouting2018.iOS\PracticeNRGScouting2018.iOS.csproj", "{1E7C5C47-37B2-4A73-8F37-DE48DA69A3B3}"
EndProject
Project("{FAE04EC0-301F-11D3-BF4B-00C04F79EFBC}") = "PracticeNRGScouting2018", "PracticeNRGScouting2018\PracticeNRGScouting2018.csproj", "{4DB9F345-6DBD-4F08-AE5A-B4CCD092F2E1}"
EndProject
Global
	GlobalSection(SolutionConfigurationPlatforms) = preSolution
		Ad-Hoc|Any CPU = Ad-Hoc|Any CPU
		Ad-Hoc|iPhone = Ad-Hoc|iPhone
		Ad-Hoc|iPhoneSimulator = Ad-Hoc|iPhoneSimulator
		AppStore|Any CPU = AppStore|Any CPU
		AppStore|iPhone = AppStore|iPhone
		AppStore|iPhoneSimulator = AppStore|iPhoneSimulator
		Debug|Any CPU = Debug|Any CPU
		Debug|iPhone = Debug|iPhone
		Debug|iPhoneSimulator = Debug|iPhoneSimulator
		Release|Any CPU = Release|Any CPU
		Release|iPhone = Release|iPhone
		Release|iPhoneSimulator = Release|iPhoneSimulator
	EndGlobalSection
	GlobalSection(ProjectConfigurationPlatforms) = postSolution
		{342EDBFF-4B4E-4115-9917-64BEDA5F43B8}.Ad-Hoc|Any CPU.ActiveCfg = Release|Any CPU
		{342EDBFF-4B4E-4115-9917-64BEDA5F43B8}.Ad-Hoc|Any CPU.Build.0 = Release|Any CPU
		{342EDBFF-4B4E-4115-9917-64BEDA5F43B8}.Ad-Hoc|Any CPU.Deploy.0 = Release|Any CPU
		{342EDBFF-4B4E-4115-9917-64BEDA5F43B8}.Ad-Hoc|iPhone.ActiveCfg = Debug|Any CPU
		{342EDBFF-4B4E-4115-9917-64BEDA5F43B8}.Ad-Hoc|iPhone.Build.0 = Debug|Any CPU
		{342EDBFF-4B4E-4115-9917-64BEDA5F43B8}.Ad-Hoc|iPhoneSimulator.ActiveCfg = Release|Any CPU
		{342EDBFF-4B4E-4115-9917-64BEDA5F43B8}.Ad-Hoc|iPhoneSimulator.Build.0 = Release|Any CPU
		{342EDBFF-4B4E-4115-9917-64BEDA5F43B8}.Ad-Hoc|iPhoneSimulator.Deploy.0 = Release|Any CPU
		{342EDBFF-4B4E-4115-9917-64BEDA5F43B8}.AppStore|Any CPU.ActiveCfg = Release|Any CPU
		{342EDBFF-4B4E-4115-9917-64BEDA5F43B8}.AppStore|Any CPU.Build.0 = Release|Any CPU
		{342EDBFF-4B4E-4115-9917-64BEDA5F43B8}.AppStore|Any CPU.Deploy.0 = Release|Any CPU
		{342EDBFF-4B4E-4115-9917-64BEDA5F43B8}.AppStore|iPhone.ActiveCfg = Debug|Any CPU
		{342EDBFF-4B4E-4115-9917-64BEDA5F43B8}.AppStore|iPhone.Build.0 = Debug|Any CPU
		{342EDBFF-4B4E-4115-9917-64BEDA5F43B8}.AppStore|iPhoneSimulator.ActiveCfg = Release|Any CPU
		{342EDBFF-4B4E-4115-9917-64BEDA5F43B8}.AppStore|iPhoneSimulator.Build.0 = Release|Any CPU
		{342EDBFF-4B4E-4115-9917-64BEDA5F43B8}.AppStore|iPhoneSimulator.Deploy.0 = Release|Any CPU
		{342EDBFF-4B4E-4115-9917-64BEDA5F43B8}.Debug|Any CPU.ActiveCfg = Debug|Any CPU
		{342EDBFF-4B4E-4115-9917-64BEDA5F43B8}.Debug|Any CPU.Build.0 = Debug|Any CPU
		{342EDBFF-4B4E-4115-9917-64BEDA5F43B8}.Debug|Any CPU.Deploy.0 = Debug|Any CPU
		{342EDBFF-4B4E-4115-9917-64BEDA5F43B8}.Debug|iPhone.ActiveCfg = Debug|Any CPU
		{342EDBFF-4B4E-4115-9917-64BEDA5F43B8}.Debug|iPhone.Build.0 = Debug|Any CPU
		{342EDBFF-4B4E-4115-9917-64BEDA5F43B8}.Debug|iPhoneSimulator.ActiveCfg = Debug|Any CPU
		{342EDBFF-4B4E-4115-9917-64BEDA5F43B8}.Debug|iPhoneSimulator.Build.0 = Debug|Any CPU
		{342EDBFF-4B4E-4115-9917-64BEDA5F43B8}.Release|Any CPU.ActiveCfg = Release|Any CPU
		{342EDBFF-4B4E-4115-9917-64BEDA5F43B8}.Release|Any CPU.Build.0 = Release|Any CPU
		{342EDBFF-4B4E-4115-9917-64BEDA5F43B8}.Release|iPhone.ActiveCfg = Release|Any CPU
		{342EDBFF-4B4E-4115-9917-64BEDA5F43B8}.Release|iPhone.Build.0 = Release|Any CPU
		{342EDBFF-4B4E-4115-9917-64BEDA5F43B8}.Release|iPhoneSimulator.ActiveCfg = Release|Any CPU
		{342EDBFF-4B4E-4115-9917-64BEDA5F43B8}.Release|iPhoneSimulator.Build.0 = Release|Any CPU
		{1E7C5C47-37B2-4A73-8F37-DE48DA69A3B3}.Ad-Hoc|Any CPU.ActiveCfg = Ad-Hoc|iPhoneSimulator
		{1E7C5C47-37B2-4A73-8F37-DE48DA69A3B3}.Ad-Hoc|iPhone.ActiveCfg = Ad-Hoc|iPhone
		{1E7C5C47-37B2-4A73-8F37-DE48DA69A3B3}.Ad-Hoc|iPhone.Build.0 = Ad-Hoc|iPhone
		{1E7C5C47-37B2-4A73-8F37-DE48DA69A3B3}.Ad-Hoc|iPhoneSimulator.ActiveCfg = Ad-Hoc|iPhoneSimulator
		{1E7C5C47-37B2-4A73-8F37-DE48DA69A3B3}.Ad-Hoc|iPhoneSimulator.Build.0 = Ad-Hoc|iPhoneSimulator
		{1E7C5C47-37B2-4A73-8F37-DE48DA69A3B3}.AppStore|Any CPU.ActiveCfg = AppStore|iPhoneSimulator
		{1E7C5C47-37B2-4A73-8F37-DE48DA69A3B3}.AppStore|iPhone.ActiveCfg = AppStore|iPhone
		{1E7C5C47-37B2-4A73-8F37-DE48DA69A3B3}.AppStore|iPhone.Build.0 = AppStore|iPhone
		{1E7C5C47-37B2-4A73-8F37-DE48DA69A3B3}.AppStore|iPhoneSimulator.ActiveCfg = AppStore|iPhoneSimulator
		{1E7C5C47-37B2-4A73-8F37-DE48DA69A3B3}.AppStore|iPhoneSimulator.Build.0 = AppStore|iPhoneSimulator
		{1E7C5C47-37B2-4A73-8F37-DE48DA69A3B3}.Debug|Any CPU.ActiveCfg = Debug|iPhoneSimulator
		{1E7C5C47-37B2-4A73-8F37-DE48DA69A3B3}.Debug|Any CPU.Build.0 = Debug|iPhoneSimulator
		{1E7C5C47-37B2-4A73-8F37-DE48DA69A3B3}.Debug|iPhone.ActiveCfg = Debug|iPhone
		{1E7C5C47-37B2-4A73-8F37-DE48DA69A3B3}.Debug|iPhone.Build.0 = Debug|iPhone
		{1E7C5C47-37B2-4A73-8F37-DE48DA69A3B3}.Debug|iPhoneSimulator.ActiveCfg = Debug|iPhoneSimulator
		{1E7C5C47-37B2-4A73-8F37-DE48DA69A3B3}.Debug|iPhoneSimulator.Build.0 = Debug|iPhoneSimulator
		{1E7C5C47-37B2-4A73-8F37-DE48DA69A3B3}.Release|Any CPU.ActiveCfg = Release|iPhoneSimulator
		{1E7C5C47-37B2-4A73-8F37-DE48DA69A3B3}.Release|Any CPU.Build.0 = Release|iPhoneSimulator
		{1E7C5C47-37B2-4A73-8F37-DE48DA69A3B3}.Release|iPhone.ActiveCfg = Release|iPhone
		{1E7C5C47-37B2-4A73-8F37-DE48DA69A3B3}.Release|iPhone.Build.0 = Release|iPhone
		{1E7C5C47-37B2-4A73-8F37-DE48DA69A3B3}.Release|iPhoneSimulator.ActiveCfg = Release|iPhoneSimulator
		{1E7C5C47-37B2-4A73-8F37-DE48DA69A3B3}.Release|iPhoneSimulator.Build.0 = Release|iPhoneSimulator
		{4DB9F345-6DBD-4F08-AE5A-B4CCD092F2E1}.Ad-Hoc|Any CPU.ActiveCfg = Release|Any CPU
		{4DB9F345-6DBD-4F08-AE5A-B4CCD092F2E1}.Ad-Hoc|Any CPU.Build.0 = Release|Any CPU
		{4DB9F345-6DBD-4F08-AE5A-B4CCD092F2E1}.Ad-Hoc|iPhone.ActiveCfg = Debug|Any CPU
		{4DB9F345-6DBD-4F08-AE5A-B4CCD092F2E1}.Ad-Hoc|iPhone.Build.0 = Debug|Any CPU
		{4DB9F345-6DBD-4F08-AE5A-B4CCD092F2E1}.Ad-Hoc|iPhoneSimulator.ActiveCfg = Release|Any CPU
		{4DB9F345-6DBD-4F08-AE5A-B4CCD092F2E1}.Ad-Hoc|iPhoneSimulator.Build.0 = Release|Any CPU
		{4DB9F345-6DBD-4F08-AE5A-B4CCD092F2E1}.AppStore|Any CPU.ActiveCfg = Release|Any CPU
		{4DB9F345-6DBD-4F08-AE5A-B4CCD092F2E1}.AppStore|Any CPU.Build.0 = Release|Any CPU
		{4DB9F345-6DBD-4F08-AE5A-B4CCD092F2E1}.AppStore|iPhone.ActiveCfg = Debug|Any CPU
		{4DB9F345-6DBD-4F08-AE5A-B4CCD092F2E1}.AppStore|iPhone.Build.0 = Debug|Any CPU
		{4DB9F345-6DBD-4F08-AE5A-B4CCD092F2E1}.AppStore|iPhoneSimulator.ActiveCfg = Release|Any CPU
		{4DB9F345-6DBD-4F08-AE5A-B4CCD092F2E1}.AppStore|iPhoneSimulator.Build.0 = Release|Any CPU
		{4DB9F345-6DBD-4F08-AE5A-B4CCD092F2E1}.Debug|Any CPU.ActiveCfg = Debug|Any CPU
		{4DB9F345-6DBD-4F08-AE5A-B4CCD092F2E1}.Debug|Any CPU.Build.0 = Debug|Any CPU
		{4DB9F345-6DBD-4F08-AE5A-B4CCD092F2E1}.Debug|iPhone.ActiveCfg = Debug|Any CPU
		{4DB9F345-6DBD-4F08-AE5A-B4CCD092F2E1}.Debug|iPhone.Build.0 = Debug|Any CPU
		{4DB9F345-6DBD-4F08-AE5A-B4CCD092F2E1}.Debug|iPhoneSimulator.ActiveCfg = Debug|Any CPU
		{4DB9F345-6DBD-4F08-AE5A-B4CCD092F2E1}.Debug|iPhoneSimulator.Build.0 = Debug|Any CPU
		{4DB9F345-6DBD-4F08-AE5A-B4CCD092F2E1}.Release|Any CPU.ActiveCfg = Release|Any CPU
		{4DB9F345-6DBD-4F08-AE5A-B4CCD092F2E1}.Release|Any CPU.Build.0 = Release|Any CPU
		{4DB9F345-6DBD-4F08-AE5A-B4CCD092F2E1}.Release|iPhone.ActiveCfg = Release|Any CPU
		{4DB9F345-6DBD-4F08-AE5A-B4CCD092F2E1}.Release|iPhone.Build.0 = Release|Any CPU
		{4DB9F345-6DBD-4F08-AE5A-B4CCD092F2E1}.Release|iPhoneSimulator.ActiveCfg = Release|Any CPU
		{4DB9F345-6DBD-4F08-AE5A-B4CCD092F2E1}.Release|iPhoneSimulator.Build.0 = Release|Any CPU
	EndGlobalSection
	GlobalSection(SolutionProperties) = preSolution
		HideSolutionNode = FALSE
	EndGlobalSection
	GlobalSection(ExtensibilityGlobals) = postSolution
		SolutionGuid = {C066F61E-A393-4F27-9C0B-82DF1C7A3A39}
	EndGlobalSection
EndGlobal
